
Microsoft Visual Studio Solution File, Format Version 12.00
Project("{FAE04EC0-301F-11D3-BF4B-00C04F79EFBC}") = "E-CommerceApi", "E-CommerceApi\E-CommerceApi.csproj", "{1210334E-D645-4012-BF83-CDD550A81CDB}"
EndProject
Global
	GlobalSection(SolutionConfigurationPlatforms) = preSolution
		Debug|Any CPU = Debug|Any CPU
		Release|Any CPU = Release|Any CPU
	EndGlobalSection
	GlobalSection(ProjectConfigurationPlatforms) = postSolution
		{1210334E-D645-4012-BF83-CDD550A81CDB}.Debug|Any CPU.ActiveCfg = Debug|Any CPU
		{1210334E-D645-4012-BF83-CDD550A81CDB}.Debug|Any CPU.Build.0 = Debug|Any CPU
		{1210334E-D645-4012-BF83-CDD550A81CDB}.Release|Any CPU.ActiveCfg = Release|Any CPU
		{1210334E-D645-4012-BF83-CDD550A81CDB}.Release|Any CPU.Build.0 = Release|Any CPU
	EndGlobalSection
EndGlobal
